
Microsoft Visual Studio Solution File, Format Version 12.00
# Visual Studio 15
VisualStudioVersion = 15.0.26430.6
MinimumVisualStudioVersion = 10.0.40219.1
Project("{FAE04EC0-301F-11D3-BF4B-00C04F79EFBC}") = "FailoverDetector", "FailoverDetector\FailoverDetector.csproj", "{C65BB66C-553F-4B53-A65E-EA0FAE0CB41E}"
EndProject
Project("{FAE04EC0-301F-11D3-BF4B-00C04F79EFBC}") = "FailoverDetector.Test", "FailoverDetector.Test\FailoverDetector.Test.csproj", "{2DC0C0B9-9D8A-4055-90D6-C753FA042152}"
EndProject
Global
	GlobalSection(SolutionConfigurationPlatforms) = preSolution
		Debug|Any CPU = Debug|Any CPU
		Debug|x64 = Debug|x64
		Release|Any CPU = Release|Any CPU
		Release|x64 = Release|x64
	EndGlobalSection
	GlobalSection(ProjectConfigurationPlatforms) = postSolution
		{C65BB66C-553F-4B53-A65E-EA0FAE0CB41E}.Debug|Any CPU.ActiveCfg = Debug|Any CPU
		{C65BB66C-553F-4B53-A65E-EA0FAE0CB41E}.Debug|Any CPU.Build.0 = Debug|Any CPU
		{C65BB66C-553F-4B53-A65E-EA0FAE0CB41E}.Debug|x64.ActiveCfg = Debug|x64
		{C65BB66C-553F-4B53-A65E-EA0FAE0CB41E}.Debug|x64.Build.0 = Debug|x64
		{C65BB66C-553F-4B53-A65E-EA0FAE0CB41E}.Release|Any CPU.ActiveCfg = Release|Any CPU
		{C65BB66C-553F-4B53-A65E-EA0FAE0CB41E}.Release|Any CPU.Build.0 = Release|Any CPU
		{C65BB66C-553F-4B53-A65E-EA0FAE0CB41E}.Release|x64.ActiveCfg = Release|x64
		{C65BB66C-553F-4B53-A65E-EA0FAE0CB41E}.Release|x64.Build.0 = Release|x64
		{2DC0C0B9-9D8A-4055-90D6-C753FA042152}.Debug|Any CPU.ActiveCfg = Debug|Any CPU
		{2DC0C0B9-9D8A-4055-90D6-C753FA042152}.Debug|Any CPU.Build.0 = Debug|Any CPU
		{2DC0C0B9-9D8A-4055-90D6-C753FA042152}.Debug|x64.ActiveCfg = Debug|Any CPU
		{2DC0C0B9-9D8A-4055-90D6-C753FA042152}.Debug|x64.Build.0 = Debug|Any CPU
		{2DC0C0B9-9D8A-4055-90D6-C753FA042152}.Release|Any CPU.ActiveCfg = Release|Any CPU
		{2DC0C0B9-9D8A-4055-90D6-C753FA042152}.Release|Any CPU.Build.0 = Release|Any CPU
		{2DC0C0B9-9D8A-4055-90D6-C753FA042152}.Release|x64.ActiveCfg = Release|Any CPU
		{2DC0C0B9-9D8A-4055-90D6-C753FA042152}.Release|x64.Build.0 = Release|Any CPU
	EndGlobalSection
	GlobalSection(SolutionProperties) = preSolution
		HideSolutionNode = FALSE
	EndGlobalSection
EndGlobal
